// !$*UTF8*$!
{
	archiveVersion = 1;
	classes = {
	};
	objectVersion = 46;
	objects = {

/* Begin PBXBuildFile section */
		BFEAB4F81CC316950014C882 /* AppDelegate.m in Sources */ = {isa = PBXBuildFile; fileRef = BFEAB4F71CC316950014C882 /* AppDelegate.m */; };
		BFEAB4FB1CC316950014C882 /* main.m in Sources */ = {isa = PBXBuildFile; fileRef = BFEAB4FA1CC316950014C882 /* main.m */; };
		BFEAB4FE1CC316950014C882 /* Document.m in Sources */ = {isa = PBXBuildFile; fileRef = BFEAB4FD1CC316950014C882 /* Document.m */; };
		BFEAB5011CC316950014C882 /* Document.xib in Resources */ = {isa = PBXBuildFile; fileRef = BFEAB4FF1CC316950014C882 /* Document.xib */; };
		BFEAB5031CC316950014C882 /* Assets.xcassets in Resources */ = {isa = PBXBuildFile; fileRef = BFEAB5021CC316950014C882 /* Assets.xcassets */; };
		BFEAB5061CC316950014C882 /* MainMenu.xib in Resources */ = {isa = PBXBuildFile; fileRef = BFEAB5041CC316950014C882 /* MainMenu.xib */; };
/* End PBXBuildFile section */

/* Begin PBXFileReference section */
		BFEAB4F31CC316950014C882 /* TahDoodle.app */ = {isa = PBXFileReference; explicitFileType = wrapper.application; includeInIndex = 0; path = TahDoodle.app; sourceTree = BUILT_PRODUCTS_DIR; };
		BFEAB4F61CC316950014C882 /* AppDelegate.h */ = {isa = PBXFileReference; lastKnownFileType = sourcecode.c.h; path = AppDelegate.h; sourceTree = "<group>"; };
		BFEAB4F71CC316950014C882 /* AppDelegate.m */ = {isa = PBXFileReference; lastKnownFileType = sourcecode.c.objc; path = AppDelegate.m; sourceTree = "<group>"; };
		BFEAB4FA1CC316950014C882 /* main.m */ = {isa = PBXFileReference; lastKnownFileType = sourcecode.c.objc; path = main.m; sourceTree = "<group>"; };
		BFEAB4FC1CC316950014C882 /* Document.h */ = {isa = PBXFileReference; lastKnownFileType = sourcecode.c.h; path = Document.h; sourceTree = "<group>"; };
		BFEAB4FD1CC316950014C882 /* Document.m */ = {isa = PBXFileReference; lastKnownFileType = sourcecode.c.objc; path = Document.m; sourceTree = "<group>"; };
		BFEAB5001CC316950014C882 /* Base */ = {isa = PBXFileReference; lastKnownFileType = file.xib; name = Base; path = Base.lproj/Document.xib; sourceTree = "<group>"; };
		BFEAB5021CC316950014C882 /* Assets.xcassets */ = {isa = PBXFileReference; lastKnownFileType = folder.assetcatalog; path = Assets.xcassets; sourceTree = "<group>"; };
		BFEAB5051CC316950014C882 /* Base */ = {isa = PBXFileReference; lastKnownFileType = file.xib; name = Base; path = Base.lproj/MainMenu.xib; sourceTree = "<group>"; };
		BFEAB5071CC316950014C882 /* Info.plist */ = {isa = PBXFileReference; lastKnownFileType = text.plist.xml; path = Info.plist; sourceTree = "<group>"; };
/* End PBXFileReference section */

/* Begin PBXFrameworksBuildPhase section */
		BFEAB4F01CC316950014C882 /* Frameworks */ = {
			isa = PBXFrameworksBuildPhase;
			buildActionMask = 2147483647;
			files = (
			);
			runOnlyForDeploymentPostprocessing = 0;
		};
/* End PBXFrameworksBuildPhase section */

/* Begin PBXGroup section */
		BFEAB4EA1CC316950014C882 = {
			isa = PBXGroup;
			children = (
				BFEAB4F51CC316950014C882 /* TahDoodle */,
				BFEAB4F41CC316950014C882 /* Products */,
			);
			sourceTree = "<group>";
		};
		BFEAB4F41CC316950014C882 /* Products */ = {
			isa = PBXGroup;
			children = (
				BFEAB4F31CC316950014C882 /* TahDoodle.app */,
			);
			name = Products;
			sourceTree = "<group>";
		};
		BFEAB4F51CC316950014C882 /* TahDoodle */ = {
			isa = PBXGroup;
			children = (
				BFEAB4F61CC316950014C882 /* AppDelegate.h */,
				BFEAB4F71CC316950014C882 /* AppDelegate.m */,
				BFEAB4FC1CC316950014C882 /* Document.h */,
				BFEAB4FD1CC316950014C882 /* Document.m */,
				BFEAB4FF1CC316950014C882 /* Document.xib */,
				BFEAB5021CC316950014C882 /* Assets.xcassets */,
				BFEAB5041CC316950014C882 /* MainMenu.xib */,
				BFEAB5071CC316950014C882 /* Info.plist */,
				BFEAB4F91CC316950014C882 /* Supporting Files */,
			);
			path = TahDoodle;
			sourceTree = "<group>";
		};
		BFEAB4F91CC316950014C882 /* Supporting Files */ = {
			isa = PBXGroup;
			children = (
				BFEAB4FA1CC316950014C882 /* main.m */,
			);
			name = "Supporting Files";
			sourceTree = "<group>";
		};
/* End PBXGroup section */

/* Begin PBXNativeTarget section */
		BFEAB4F21CC316950014C882 /* TahDoodle */ = {
			isa = PBXNativeTarget;
			buildConfigurationList = BFEAB50A1CC316950014C882 /* Build configuration list for PBXNativeTarget "TahDoodle" */;
			buildPhases = (
				BFEAB4EF1CC316950014C882 /* Sources */,
				BFEAB4F01CC316950014C882 /* Frameworks */,
				BFEAB4F11CC316950014C882 /* Resources */,
			);
			buildRules = (
			);
			dependencies = (
			);
			name = TahDoodle;
			productName = TahDoodle;
			productReference = BFEAB4F31CC316950014C882 /* TahDoodle.app */;
			productType = "com.apple.product-type.application";
		};
/* End PBXNativeTarget section */

/* Begin PBXProject section */
		BFEAB4EB1CC316950014C882 /* Project object */ = {
			isa = PBXProject;
			attributes = {
				LastUpgradeCheck = 0730;
				ORGANIZATIONNAME = Vincent;
				TargetAttributes = {
					BFEAB4F21CC316950014C882 = {
						CreatedOnToolsVersion = 7.3;
					};
				};
			};
			buildConfigurationList = BFEAB4EE1CC316950014C882 /* Build configuration list for PBXProject "TahDoodle" */;
			compatibilityVersion = "Xcode 3.2";
			developmentRegion = English;
			hasScannedForEncodings = 0;
			knownRegions = (
				en,
				Base,
			);
			mainGroup = BFEAB4EA1CC316950014C882;
			productRefGroup = BFEAB4F41CC316950014C882 /* Products */;
			projectDirPath = "";
			projectRoot = "";
			targets = (
				BFEAB4F21CC316950014C882 /* TahDoodle */,
			);
		};
/* End PBXProject section */

/* Begin PBXResourcesBuildPhase section */
		BFEAB4F11CC316950014C882 /* Resources */ = {
			isa = PBXResourcesBuildPhase;
			buildActionMask = 2147483647;
			files = (
				BFEAB5031CC316950014C882 /* Assets.xcassets in Resources */,
				BFEAB5011CC316950014C882 /* Document.xib in Resources */,
				BFEAB5061CC316950014C882 /* MainMenu.xib in Resources */,
			);
			runOnlyForDeploymentPostprocessing = 0;
		};
/* End PBXResourcesBuildPhase section */

/* Begin PBXSourcesBuildPhase section */
		BFEAB4EF1CC316950014C882 /* Sources */ = {
			isa = PBXSourcesBuildPhase;
			buildActionMask = 2147483647;
			files = (
				BFEAB4FE1CC316950014C882 /* Document.m in Sources */,
				BFEAB4FB1CC316950014C882 /* main.m in Sources */,
				BFEAB4F81CC316950014C882 /* AppDelegate.m in Sources */,
			);
			runOnlyForDeploymentPostprocessing = 0;
		};
/* End PBXSourcesBuildPhase section */

/* Begin PBXVariantGroup section */
		BFEAB4FF1CC316950014C882 /* Document.xib */ = {
			isa = PBXVariantGroup;
			children = (
				BFEAB5001CC316950014C882 /* Base */,
			);
			name = Document.xib;
			sourceTree = "<group>";
		};
		BFEAB5041CC316950014C882 /* MainMenu.xib */ = {
			isa = PBXVariantGroup;
			children = (
				BFEAB5051CC316950014C882 /* Base */,
			);
			name = MainMenu.xib;
			sourceTree = "<group>";
		};
/* End PBXVariantGroup section */

/* Begin XCBuildConfiguration section */
		BFEAB5081CC316950014C882 /* Debug */ = {
			isa = XCBuildConfiguration;
			buildSettings = {
				ALWAYS_SEARCH_USER_PATHS = NO;
				CLANG_ANALYZER_NONNULL = YES;
				CLANG_CXX_LANGUAGE_STANDARD = "gnu++0x";
				CLANG_CXX_LIBRARY = "libc++";
				CLANG_ENABLE_MODULES = YES;
				CLANG_ENABLE_OBJC_ARC = YES;
				CLANG_WARN_BOOL_CONVERSION = YES;
				CLANG_WARN_CONSTANT_CONVERSION = YES;
				CLANG_WARN_DIRECT_OBJC_ISA_USAGE = YES_ERROR;
				CLANG_WARN_EMPTY_BODY = YES;
				CLANG_WARN_ENUM_CONVERSION = YES;
				CLANG_WARN_INT_CONVERSION = YES;
				CLANG_WARN_OBJC_ROOT_CLASS = YES_ERROR;
				CLANG_WARN_UNREACHABLE_CODE = YES;
				CLANG_WARN__DUPLICATE_METHOD_MATCH = YES;
				CODE_SIGN_IDENTITY = "-";
				COPY_PHASE_STRIP = NO;
				DEBUG_INFORMATION_FORMAT = dwarf;
				ENABLE_STRICT_OBJC_MSGSEND = YES;
				ENABLE_TESTABILITY = YES;
				GCC_C_LANGUAGE_STANDARD = gnu99;
				GCC_DYNAMIC_NO_PIC = NO;
				GCC_NO_COMMON_BLOCKS = YES;
				GCC_OPTIMIZATION_LEVEL = 0;
				GCC_PREPROCESSOR_DEFINITIONS = (
					"DEBUG=1",
					"$(inherited)",
				);
				GCC_WARN_64_TO_32_BIT_CONVERSION = YES;
				GCC_WARN_ABOUT_RETURN_TYPE = YES_ERROR;
				GCC_WARN_UNDECLARED_SELECTOR = YES;
				GCC_WARN_UNINITIALIZED_AUTOS = YES_AGGRESSIVE;
				GCC_WARN_UNUSED_FUNCTION = YES;
				GCC_WARN_UNUSED_VARIABLE = YES;
				MACOSX_DEPLOYMENT_TARGET = 10.11;
				MTL_ENABLE_DEBUG_INFO = YES;
				ONLY_ACTIVE_ARCH = YES;
				SDKROOT = macosx;
			};
			name = Debug;
		};
		BFEAB5091CC316950014C882 /* Release */ = {
			isa = XCBuildConfiguration;
			buildSettings = {
				ALWAYS_SEARCH_USER_PATHS = NO;
				CLANG_ANALYZER_NONNULL = YES;
				CLANG_CXX_LANGUAGE_STANDARD = "gnu++0x";
				CLANG_CXX_LIBRARY = "libc++";
				CLANG_ENABLE_MODULES = YES;
				CLANG_ENABLE_OBJC_ARC = YES;
				CLANG_WARN_BOOL_CONVERSION = YES;
				CLANG_WARN_CONSTANT_CONVERSION = YES;
				CLANG_WARN_DIRECT_OBJC_ISA_USAGE = YES_ERROR;
				CLANG_WARN_EMPTY_BODY = YES;
				CLANG_WARN_ENUM_CONVERSION = YES;
				CLANG_WARN_INT_CONVERSION = YES;
				CLANG_WARN_OBJC_ROOT_CLASS = YES_ERROR;
				CLANG_WARN_UNREACHABLE_CODE = YES;
				CLANG_WARN__DUPLICATE_METHOD_MATCH = YES;
				CODE_SIGN_IDENTITY = "-";
				COPY_PHASE_STRIP = NO;
				DEBUG_INFORMATION_FORMAT = "dwarf-with-dsym";
				ENABLE_NS_ASSERTIONS = NO;
				ENABLE_STRICT_OBJC_MSGSEND = YES;
				GCC_C_LANGUAGE_STANDARD = gnu99;
				GCC_NO_COMMON_BLOCKS = YES;
				GCC_WARN_64_TO_32_BIT_CONVERSION = YES;
				GCC_WARN_ABOUT_RETURN_TYPE = YES_ERROR;
				GCC_WARN_UNDECLARED_SELECTOR = YES;
				GCC_WARN_UNINITIALIZED_AUTOS = YES_AGGRESSIVE;
				GCC_WARN_UNUSED_FUNCTION = YES;
				GCC_WARN_UNUSED_VARIABLE = YES;
				MACOSX_DEPLOYMENT_TARGET = 10.11;
				MTL_ENABLE_DEBUG_INFO = NO;
				SDKROOT = macosx;
			};
			name = Release;
		};
		BFEAB50B1CC316950014C882 /* Debug */ = {
			isa = XCBuildConfiguration;
			buildSettings = {
				ASSETCATALOG_COMPILER_APPICON_NAME = AppIcon;
				COMBINE_HIDPI_IMAGES = YES;
				INFOPLIST_FILE = TahDoodle/Info.plist;
				LD_RUNPATH_SEARCH_PATHS = "$(inherited) @executable_path/../Frameworks";
				PRODUCT_BUNDLE_IDENTIFIER = Vincent.TahDoodle;
				PRODUCT_NAME = "$(TARGET_NAME)";
			};
			name = Debug;
		};
		BFEAB50C1CC316950014C882 /* Release */ = {
			isa = XCBuildConfiguration;
			buildSettings = {
				ASSETCATALOG_COMPILER_APPICON_NAME = AppIcon;
				COMBINE_HIDPI_IMAGES = YES;
				INFOPLIST_FILE = TahDoodle/Info.plist;
				LD_RUNPATH_SEARCH_PATHS = "$(inherited) @executable_path/../Frameworks";
				PRODUCT_BUNDLE_IDENTIFIER = Vincent.TahDoodle;
				PRODUCT_NAME = "$(TARGET_NAME)";
			};
			name = Release;
		};
/* End XCBuildConfiguration section */

/* Begin XCConfigurationList section */
		BFEAB4EE1CC316950014C882 /* Build configuration list for PBXProject "TahDoodle" */ = {
			isa = XCConfigurationList;
			buildConfigurations = (
				BFEAB5081CC316950014C882 /* Debug */,
				BFEAB5091CC316950014C882 /* Release */,
			);
			defaultConfigurationIsVisible = 0;
			defaultConfigurationName = Release;
		};
		BFEAB50A1CC316950014C882 /* Build configuration list for PBXNativeTarget "TahDoodle" */ = {
			isa = XCConfigurationList;
			buildConfigurations = (
				BFEAB50B1CC316950014C882 /* Debug */,
				BFEAB50C1CC316950014C882 /* Release */,
			);
			defaultConfigurationIsVisible = 0;
		};
/* End XCConfigurationList section */
	};
	rootObject = BFEAB4EB1CC316950014C882 /* Project object */;
}
